
Microsoft Visual Studio Solution File, Format Version 12.00
# Visual Studio Version 16
VisualStudioVersion = 16.0.31729.503
MinimumVisualStudioVersion = 10.0.40219.1
Project("{9A19103F-16F7-4668-BE54-9A1E7A4F7556}") = "Entities", "Entities\Entities.csproj", "{CA4A18D2-E3E5-4721-B01A-AD11E2F802AC}"
EndProject
Project("{9A19103F-16F7-4668-BE54-9A1E7A4F7556}") = "DataAccess", "DataAccess\DataAccess.csproj", "{4EDAD55C-ACC0-4BC7-AE16-132C99718940}"
EndProject
Project("{9A19103F-16F7-4668-BE54-9A1E7A4F7556}") = "Business", "Business\Business.csproj", "{7ADA103C-B290-4885-827E-B269B6FA9506}"
EndProject
Project("{9A19103F-16F7-4668-BE54-9A1E7A4F7556}") = "Core", "Core\Core.csproj", "{0F03D10A-0366-47E2-962D-8E6836675B48}"
EndProject
Project("{FAE04EC0-301F-11D3-BF4B-00C04F79EFBC}") = "WebUI", "WebUI\WebUI.csproj", "{4866F53F-700A-41A5-921E-39060E5F57B3}"
EndProject
Global
	GlobalSection(SolutionConfigurationPlatforms) = preSolution
		Debug|Any CPU = Debug|Any CPU
		Release|Any CPU = Release|Any CPU
	EndGlobalSection
	GlobalSection(ProjectConfigurationPlatforms) = postSolution
		{CA4A18D2-E3E5-4721-B01A-AD11E2F802AC}.Debug|Any CPU.ActiveCfg = Debug|Any CPU
		{CA4A18D2-E3E5-4721-B01A-AD11E2F802AC}.Debug|Any CPU.Build.0 = Debug|Any CPU
		{CA4A18D2-E3E5-4721-B01A-AD11E2F802AC}.Release|Any CPU.ActiveCfg = Release|Any CPU
		{CA4A18D2-E3E5-4721-B01A-AD11E2F802AC}.Release|Any CPU.Build.0 = Release|Any CPU
		{4EDAD55C-ACC0-4BC7-AE16-132C99718940}.Debug|Any CPU.ActiveCfg = Debug|Any CPU
		{4EDAD55C-ACC0-4BC7-AE16-132C99718940}.Debug|Any CPU.Build.0 = Debug|Any CPU
		{4EDAD55C-ACC0-4BC7-AE16-132C99718940}.Release|Any CPU.ActiveCfg = Release|Any CPU
		{4EDAD55C-ACC0-4BC7-AE16-132C99718940}.Release|Any CPU.Build.0 = Release|Any CPU
		{7ADA103C-B290-4885-827E-B269B6FA9506}.Debug|Any CPU.ActiveCfg = Debug|Any CPU
		{7ADA103C-B290-4885-827E-B269B6FA9506}.Debug|Any CPU.Build.0 = Debug|Any CPU
		{7ADA103C-B290-4885-827E-B269B6FA9506}.Release|Any CPU.ActiveCfg = Release|Any CPU
		{7ADA103C-B290-4885-827E-B269B6FA9506}.Release|Any CPU.Build.0 = Release|Any CPU
		{0F03D10A-0366-47E2-962D-8E6836675B48}.Debug|Any CPU.ActiveCfg = Debug|Any CPU
		{0F03D10A-0366-47E2-962D-8E6836675B48}.Debug|Any CPU.Build.0 = Debug|Any CPU
		{0F03D10A-0366-47E2-962D-8E6836675B48}.Release|Any CPU.ActiveCfg = Release|Any CPU
		{0F03D10A-0366-47E2-962D-8E6836675B48}.Release|Any CPU.Build.0 = Release|Any CPU
		{4866F53F-700A-41A5-921E-39060E5F57B3}.Debug|Any CPU.ActiveCfg = Debug|Any CPU
		{4866F53F-700A-41A5-921E-39060E5F57B3}.Debug|Any CPU.Build.0 = Debug|Any CPU
		{4866F53F-700A-41A5-921E-39060E5F57B3}.Release|Any CPU.ActiveCfg = Release|Any CPU
		{4866F53F-700A-41A5-921E-39060E5F57B3}.Release|Any CPU.Build.0 = Release|Any CPU
	EndGlobalSection
	GlobalSection(SolutionProperties) = preSolution
		HideSolutionNode = FALSE
	EndGlobalSection
	GlobalSection(ExtensibilityGlobals) = postSolution
		SolutionGuid = {603BF2D0-3906-4DFD-B160-C6E232CAD461}
	EndGlobalSection
EndGlobal
